{
  "name": "playground",
  "version": "1.0.0",
  "lockfileVersion": 3,
  "requires": true,
  "packages": {
    "": {
      "name": "playground",
      "version": "1.0.0",
      "license": "ISC",
      "dependencies": {
        "@ismartify/reactive": "^1.0.1"
      }
    },
    "node_modules/@ismartify/reactive": {
      "version": "1.0.3",
      "resolved": "https://registry.npmmirror.com/@ismartify/reactive/-/reactive-1.0.3.tgz",
      "integrity": "sha512-TmnGhhFFdQYSxCVRVX3vUj8B2zPoKXDYCHnJo3Tkys+1ktYrEzBpc9a3W0m3jUYR7TyQRItiV+haPE+Pj+AhbA==",
      "license": "ISC",
      "dependencies": {
        "lodash": "^4.17.21"
      }
    },
    "node_modules/lodash": {
      "version": "4.17.21",
      "resolved": "https://registry.npmmirror.com/lodash/-/lodash-4.17.21.tgz",
      "integrity": "sha512-v2kDEe57lecTulaDIuNTPy3Ry4gLGJ6Z1O3vE1krgXZNrsQ+LFTGHVxVjcXPs17LhbZVGedAJv8XZ1tvj5FvSg==",
      "license": "MIT"
    }
  }
}
